
Microsoft Visual Studio Solution File, Format Version 12.00
# Visual Studio 2015
Project("{FAE04EC0-301F-11D3-BF4B-00C04F79EFBC}") = "embeddedwindow.CSharp", "embeddedwindow.CSharp.csproj", "{EBC78277-DC2D-000D-A8EE-ED24F8D9995C}"
EndProject
Project("{FAE04EC0-301F-11D3-BF4B-00C04F79EFBC}") = "embeddedwindow.CSharp.Editor", "embeddedwindow.CSharp.Editor.csproj", "{4B03037A-DDBF-4AE3-E270-1E1BAAA1CE72}"
EndProject
Global
	GlobalSection(SolutionConfigurationPlatforms) = preSolution
		Debug|Any CPU = Debug|Any CPU
		Release|Any CPU = Release|Any CPU
	EndGlobalSection
	GlobalSection(ProjectConfigurationPlatforms) = postSolution
		{EBC78277-DC2D-000D-A8EE-ED24F8D9995C}.Debug|Any CPU.ActiveCfg = Debug|Any CPU
		{EBC78277-DC2D-000D-A8EE-ED24F8D9995C}.Debug|Any CPU.Build.0 = Debug|Any CPU
		{EBC78277-DC2D-000D-A8EE-ED24F8D9995C}.Release|Any CPU.ActiveCfg = Release|Any CPU
		{EBC78277-DC2D-000D-A8EE-ED24F8D9995C}.Release|Any CPU.Build.0 = Release|Any CPU
		{4B03037A-DDBF-4AE3-E270-1E1BAAA1CE72}.Debug|Any CPU.ActiveCfg = Debug|Any CPU
		{4B03037A-DDBF-4AE3-E270-1E1BAAA1CE72}.Debug|Any CPU.Build.0 = Debug|Any CPU
		{4B03037A-DDBF-4AE3-E270-1E1BAAA1CE72}.Release|Any CPU.ActiveCfg = Release|Any CPU
		{4B03037A-DDBF-4AE3-E270-1E1BAAA1CE72}.Release|Any CPU.Build.0 = Release|Any CPU
	EndGlobalSection
	GlobalSection(SolutionProperties) = preSolution
		HideSolutionNode = FALSE
	EndGlobalSection
EndGlobal
